
Microsoft Visual Studio Solution File, Format Version 12.00
# Visual Studio Version 16
VisualStudioVersion = 16.0.30711.63
MinimumVisualStudioVersion = 10.0.40219.1
Project("{9A19103F-16F7-4668-BE54-9A1E7A4F7556}") = "SkillsCore.API", "SkillsCore.API\SkillsCore.API.csproj", "{A95E1ED5-C48A-4FD6-8732-E190872558D9}"
EndProject
Project("{9A19103F-16F7-4668-BE54-9A1E7A4F7556}") = "SkillsCore.Domain", "SkillsCore.Domain\SkillsCore.Domain.csproj", "{27314599-D7F4-4489-AC2D-AE90D4A3657D}"
EndProject
Project("{9A19103F-16F7-4668-BE54-9A1E7A4F7556}") = "SkillsCore.Data", "SkillsCore.Data\SkillsCore.Data.csproj", "{09994CB0-DD8F-44F1-AE4F-4D9891E8CF5A}"
EndProject
Project("{9A19103F-16F7-4668-BE54-9A1E7A4F7556}") = "SkillsCore.Application", "SkillsCore.Application\SkillsCore.Application.csproj", "{8EE62CFF-1C9D-4FC7-9DC6-A923DF339B30}"
EndProject
Project("{FAE04EC0-301F-11D3-BF4B-00C04F79EFBC}") = "SkillsCore.Shared", "SkillsCore.Shared\SkillsCore.Shared.csproj", "{733B092E-7FF8-4314-BAC9-A039784CC8A3}"
EndProject
Global
	GlobalSection(SolutionConfigurationPlatforms) = preSolution
		Debug|Any CPU = Debug|Any CPU
		Release|Any CPU = Release|Any CPU
	EndGlobalSection
	GlobalSection(ProjectConfigurationPlatforms) = postSolution
		{A95E1ED5-C48A-4FD6-8732-E190872558D9}.Debug|Any CPU.ActiveCfg = Debug|Any CPU
		{A95E1ED5-C48A-4FD6-8732-E190872558D9}.Debug|Any CPU.Build.0 = Debug|Any CPU
		{A95E1ED5-C48A-4FD6-8732-E190872558D9}.Release|Any CPU.ActiveCfg = Release|Any CPU
		{A95E1ED5-C48A-4FD6-8732-E190872558D9}.Release|Any CPU.Build.0 = Release|Any CPU
		{27314599-D7F4-4489-AC2D-AE90D4A3657D}.Debug|Any CPU.ActiveCfg = Debug|Any CPU
		{27314599-D7F4-4489-AC2D-AE90D4A3657D}.Debug|Any CPU.Build.0 = Debug|Any CPU
		{27314599-D7F4-4489-AC2D-AE90D4A3657D}.Release|Any CPU.ActiveCfg = Release|Any CPU
		{27314599-D7F4-4489-AC2D-AE90D4A3657D}.Release|Any CPU.Build.0 = Release|Any CPU
		{09994CB0-DD8F-44F1-AE4F-4D9891E8CF5A}.Debug|Any CPU.ActiveCfg = Debug|Any CPU
		{09994CB0-DD8F-44F1-AE4F-4D9891E8CF5A}.Debug|Any CPU.Build.0 = Debug|Any CPU
		{09994CB0-DD8F-44F1-AE4F-4D9891E8CF5A}.Release|Any CPU.ActiveCfg = Release|Any CPU
		{09994CB0-DD8F-44F1-AE4F-4D9891E8CF5A}.Release|Any CPU.Build.0 = Release|Any CPU
		{8EE62CFF-1C9D-4FC7-9DC6-A923DF339B30}.Debug|Any CPU.ActiveCfg = Debug|Any CPU
		{8EE62CFF-1C9D-4FC7-9DC6-A923DF339B30}.Debug|Any CPU.Build.0 = Debug|Any CPU
		{8EE62CFF-1C9D-4FC7-9DC6-A923DF339B30}.Release|Any CPU.ActiveCfg = Release|Any CPU
		{8EE62CFF-1C9D-4FC7-9DC6-A923DF339B30}.Release|Any CPU.Build.0 = Release|Any CPU
		{733B092E-7FF8-4314-BAC9-A039784CC8A3}.Debug|Any CPU.ActiveCfg = Debug|Any CPU
		{733B092E-7FF8-4314-BAC9-A039784CC8A3}.Debug|Any CPU.Build.0 = Debug|Any CPU
		{733B092E-7FF8-4314-BAC9-A039784CC8A3}.Release|Any CPU.ActiveCfg = Release|Any CPU
		{733B092E-7FF8-4314-BAC9-A039784CC8A3}.Release|Any CPU.Build.0 = Release|Any CPU
	EndGlobalSection
	GlobalSection(SolutionProperties) = preSolution
		HideSolutionNode = FALSE
	EndGlobalSection
	GlobalSection(ExtensibilityGlobals) = postSolution
		SolutionGuid = {7A601889-C864-4A67-A2A2-188A10AD1D03}
	EndGlobalSection
EndGlobal
